{
  "version": 4,
  "terraform_version": "0.12.10",
  "serial": 87,
  "lineage": "7e9449cc-e624-9213-9c29-4e7edca51dad",
  "outputs": {
    "pip_cidr_value": {
      "value": "52.157.174.188",
      "type": "string"
    },
    "pip_name_value": {
      "value": "dwp-azdevops.westeurope.cloudapp.azure.com",
      "type": "string"
    },
    "rg_name": {
      "value": "azdevops-rg",
      "type": "string"
    },
    "sa_id": {
      "value": "/subscriptions/1e3572b9-ed28-4477-932c-8931c4d7cb56/resourceGroups/azdevops-rg/providers/Microsoft.Storage/storageAccounts/azdevopssadiag",
      "type": "string"
    },
    "vnet_space": {
      "value": [
        "10.0.0.0/16"
      ],
      "type": [
        "list",
        "string"
      ]
    }
  },
  "resources": [
    {
      "mode": "data",
      "type": "azurerm_network_interface",
      "name": "nic_id",
      "each": "list",
      "provider": "provider.azurerm",
      "instances": [
        {
          "index_key": 0,
          "schema_version": 0,
          "attributes": {
            "applied_dns_servers": [],
            "dns_servers": [],
            "enable_accelerated_networking": false,
            "enable_ip_forwarding": false,
            "id": "/subscriptions/1e3572b9-ed28-4477-932c-8931c4d7cb56/resourceGroups/azdevops-rg/providers/Microsoft.Network/networkInterfaces/azdevops-nic",
            "internal_dns_name_label": "",
            "internal_fqdn": "",
            "ip_configuration": [
              {
                "application_gateway_backend_address_pools_ids": [],
                "application_security_group_ids": [],
                "load_balancer_backend_address_pools_ids": [],
                "load_balancer_inbound_nat_rules_ids": [],
                "name": "nic-config-0",
                "primary": true,
                "private_ip_address": "10.0.0.4",
                "private_ip_address_allocation": "static",
                "private_ip_address_version": "IPv4",
                "public_ip_address_id": "/subscriptions/1e3572b9-ed28-4477-932c-8931c4d7cb56/resourceGroups/azdevops-rg/providers/Microsoft.Network/publicIPAddresses/azdevops-pip",
                "subnet_id": "/subscriptions/1e3572b9-ed28-4477-932c-8931c4d7cb56/resourceGroups/azdevops-rg/providers/Microsoft.Network/virtualNetworks/azdevops-vnet/subnets/azdevops-subnet-0"
              }
            ],
            "location": "westeurope",
            "mac_address": "00-0D-3A-A8-CF-0D",
            "name": "azdevops-nic",
            "network_security_group_id": "",
            "private_ip_address": "10.0.0.4",
            "private_ip_addresses": [
              "10.0.0.4"
            ],
            "resource_group_name": "azdevops-rg",
            "tags": {},
            "timeouts": null,
            "virtual_machine_id": "/subscriptions/1e3572b9-ed28-4477-932c-8931c4d7cb56/resourceGroups/azdevops-rg/providers/Microsoft.Compute/virtualMachines/azdevops-vm"
          },
          "depends_on": [
            "azurerm_network_interface.nic",
            "azurerm_resource_group.rg"
          ]
        }
      ]
    },
    {
      "mode": "managed",
      "type": "azurerm_network_interface",
      "name": "nic",
      "each": "list",
      "provider": "provider.azurerm",
      "instances": [
        {
          "index_key": 0,
          "schema_version": 0,
          "attributes": {
            "applied_dns_servers": [],
            "dns_servers": [],
            "enable_accelerated_networking": false,
            "enable_ip_forwarding": false,
            "id": "/subscriptions/1e3572b9-ed28-4477-932c-8931c4d7cb56/resourceGroups/azdevops-rg/providers/Microsoft.Network/networkInterfaces/azdevops-nic",
            "internal_dns_name_label": "",
            "internal_fqdn": "",
            "ip_configuration": [
              {
                "application_gateway_backend_address_pools_ids": [],
                "application_security_group_ids": [],
                "load_balancer_backend_address_pools_ids": [],
                "load_balancer_inbound_nat_rules_ids": [],
                "name": "nic-config-0",
                "primary": true,
                "private_ip_address": "10.0.0.4",
                "private_ip_address_allocation": "static",
                "private_ip_address_version": "IPv4",
                "public_ip_address_id": "/subscriptions/1e3572b9-ed28-4477-932c-8931c4d7cb56/resourceGroups/azdevops-rg/providers/Microsoft.Network/publicIPAddresses/azdevops-pip",
                "subnet_id": "/subscriptions/1e3572b9-ed28-4477-932c-8931c4d7cb56/resourceGroups/azdevops-rg/providers/Microsoft.Network/virtualNetworks/azdevops-vnet/subnets/azdevops-subnet-0"
              }
            ],
            "location": "westeurope",
            "mac_address": "00-0D-3A-A8-CF-0D",
            "name": "azdevops-nic",
            "network_security_group_id": "",
            "private_ip_address": "10.0.0.4",
            "private_ip_addresses": [
              "10.0.0.4"
            ],
            "resource_group_name": "azdevops-rg",
            "tags": {},
            "virtual_machine_id": "/subscriptions/1e3572b9-ed28-4477-932c-8931c4d7cb56/resourceGroups/azdevops-rg/providers/Microsoft.Compute/virtualMachines/azdevops-vm"
          },
          "private": "bnVsbA==",
          "depends_on": [
            "azurerm_public_ip.pip",
            "azurerm_resource_group.rg",
            "azurerm_subnet.subnet"
          ]
        }
      ]
    },
    {
      "mode": "managed",
      "type": "azurerm_public_ip",
      "name": "pip",
      "provider": "provider.azurerm",
      "instances": [
        {
          "schema_version": 0,
          "attributes": {
            "allocation_method": "Static",
            "domain_name_label": "dwp-azdevops",
            "fqdn": "dwp-azdevops.westeurope.cloudapp.azure.com",
            "id": "/subscriptions/1e3572b9-ed28-4477-932c-8931c4d7cb56/resourceGroups/azdevops-rg/providers/Microsoft.Network/publicIPAddresses/azdevops-pip",
            "idle_timeout_in_minutes": 4,
            "ip_address": "52.157.174.188",
            "ip_version": "IPv4",
            "location": "westeurope",
            "name": "azdevops-pip",
            "public_ip_address_allocation": "Static",
            "public_ip_prefix_id": null,
            "resource_group_name": "azdevops-rg",
            "reverse_fqdn": "",
            "sku": "Basic",
            "tags": {},
            "zones": []
          },
          "private": "bnVsbA==",
          "depends_on": [
            "azurerm_resource_group.rg"
          ]
        }
      ]
    },
    {
      "mode": "managed",
      "type": "azurerm_resource_group",
      "name": "rg",
      "provider": "provider.azurerm",
      "instances": [
        {
          "schema_version": 0,
          "attributes": {
            "id": "/subscriptions/1e3572b9-ed28-4477-932c-8931c4d7cb56/resourceGroups/azdevops-rg",
            "location": "westeurope",
            "name": "azdevops-rg",
            "tags": {}
          },
          "private": "bnVsbA=="
        }
      ]
    },
    {
      "mode": "managed",
      "type": "azurerm_storage_account",
      "name": "sa",
      "provider": "provider.azurerm",
      "instances": [
        {
          "schema_version": 2,
          "attributes": {
            "access_tier": "",
            "account_encryption_source": "Microsoft.Storage",
            "account_kind": "Storage",
            "account_replication_type": "LRS",
            "account_tier": "Standard",
            "account_type": "Standard_LRS",
            "custom_domain": [],
            "enable_advanced_threat_protection": false,
            "enable_blob_encryption": true,
            "enable_file_encryption": true,
            "enable_https_traffic_only": false,
            "id": "/subscriptions/1e3572b9-ed28-4477-932c-8931c4d7cb56/resourceGroups/azdevops-rg/providers/Microsoft.Storage/storageAccounts/azdevopssadiag",
            "identity": [],
            "is_hns_enabled": false,
            "location": "westeurope",
            "name": "azdevopssadiag",
            "network_rules": [],
            "primary_access_key": "fHHXEwbqH55eCJTTNsO8DAs6eKtbxyGbz2XBQ1gLHlMeFhQef700ocU3ST1FD+PWCZbEhOBtXQ6LW2duZbpw7g==",
            "primary_blob_connection_string": "DefaultEndpointsProtocol=https;BlobEndpoint=https://azdevopssadiag.blob.core.windows.net/;AccountName=azdevopssadiag;AccountKey=fHHXEwbqH55eCJTTNsO8DAs6eKtbxyGbz2XBQ1gLHlMeFhQef700ocU3ST1FD+PWCZbEhOBtXQ6LW2duZbpw7g==",
            "primary_blob_endpoint": "https://azdevopssadiag.blob.core.windows.net/",
            "primary_blob_host": "azdevopssadiag.blob.core.windows.net",
            "primary_connection_string": "DefaultEndpointsProtocol=https;AccountName=azdevopssadiag;AccountKey=fHHXEwbqH55eCJTTNsO8DAs6eKtbxyGbz2XBQ1gLHlMeFhQef700ocU3ST1FD+PWCZbEhOBtXQ6LW2duZbpw7g==;EndpointSuffix=core.windows.net",
            "primary_dfs_endpoint": "",
            "primary_dfs_host": "",
            "primary_file_endpoint": "https://azdevopssadiag.file.core.windows.net/",
            "primary_file_host": "azdevopssadiag.file.core.windows.net",
            "primary_location": "westeurope",
            "primary_queue_endpoint": "https://azdevopssadiag.queue.core.windows.net/",
            "primary_queue_host": "azdevopssadiag.queue.core.windows.net",
            "primary_table_endpoint": "https://azdevopssadiag.table.core.windows.net/",
            "primary_table_host": "azdevopssadiag.table.core.windows.net",
            "primary_web_endpoint": "",
            "primary_web_host": "",
            "queue_properties": [
              {
                "cors_rule": [],
                "hour_metrics": [
                  {
                    "enabled": true,
                    "include_apis": true,
                    "retention_policy_days": 7,
                    "version": "1.0"
                  }
                ],
                "logging": [
                  {
                    "delete": false,
                    "read": false,
                    "retention_policy_days": 0,
                    "version": "1.0",
                    "write": false
                  }
                ],
                "minute_metrics": [
                  {
                    "enabled": false,
                    "include_apis": false,
                    "retention_policy_days": 0,
                    "version": "1.0"
                  }
                ]
              }
            ],
            "resource_group_name": "azdevops-rg",
            "secondary_access_key": "jY3Ehd1xNQEz07+5CkqaDEVpPRcGTfpovIhvV7h3nx7Oia/r2tL36gY1Dl1GuiDeXQ/kXhZF9Ju8AzISf9THcw==",
            "secondary_blob_connection_string": "",
            "secondary_blob_endpoint": null,
            "secondary_blob_host": null,
            "secondary_connection_string": "DefaultEndpointsProtocol=https;AccountName=azdevopssadiag;AccountKey=jY3Ehd1xNQEz07+5CkqaDEVpPRcGTfpovIhvV7h3nx7Oia/r2tL36gY1Dl1GuiDeXQ/kXhZF9Ju8AzISf9THcw==;EndpointSuffix=core.windows.net",
            "secondary_dfs_endpoint": null,
            "secondary_dfs_host": null,
            "secondary_file_endpoint": null,
            "secondary_file_host": null,
            "secondary_location": "",
            "secondary_queue_endpoint": null,
            "secondary_queue_host": null,
            "secondary_table_endpoint": null,
            "secondary_table_host": null,
            "secondary_web_endpoint": null,
            "secondary_web_host": null,
            "tags": {}
          },
          "private": "eyJzY2hlbWFfdmVyc2lvbiI6IjIifQ==",
          "depends_on": [
            "azurerm_resource_group.rg"
          ]
        }
      ]
    },
    {
      "mode": "managed",
      "type": "azurerm_storage_container",
      "name": "sa_container",
      "provider": "provider.azurerm",
      "instances": [
        {
          "schema_version": 1,
          "attributes": {
            "container_access_type": "container",
            "has_immutability_policy": false,
            "has_legal_hold": false,
            "id": "https://azdevopssadiag.blob.core.windows.net/azdevopssadiag-container",
            "metadata": {},
            "name": "azdevopssadiag-container",
            "properties": {
              "last_modified": "Fri, 15 Nov 2019 08:39:56 GMT",
              "lease_duration": "",
              "lease_state": "available",
              "lease_status": "unlocked"
            },
            "resource_group_name": "azdevops-rg",
            "storage_account_name": "azdevopssadiag"
          },
          "private": "eyJzY2hlbWFfdmVyc2lvbiI6IjEifQ==",
          "depends_on": [
            "azurerm_resource_group.rg",
            "azurerm_storage_account.sa"
          ]
        }
      ]
    },
    {
      "mode": "managed",
      "type": "azurerm_subnet",
      "name": "subnet",
      "each": "list",
      "provider": "provider.azurerm",
      "instances": [
        {
          "index_key": 0,
          "schema_version": 0,
          "attributes": {
            "address_prefix": "10.0.0.0/24",
            "delegation": [],
            "id": "/subscriptions/1e3572b9-ed28-4477-932c-8931c4d7cb56/resourceGroups/azdevops-rg/providers/Microsoft.Network/virtualNetworks/azdevops-vnet/subnets/azdevops-subnet-0",
            "ip_configurations": [
              "/subscriptions/1e3572b9-ed28-4477-932c-8931c4d7cb56/resourceGroups/azdevops-rg/providers/Microsoft.Network/networkInterfaces/azdevops-nic/ipConfigurations/nic-config-0"
            ],
            "name": "azdevops-subnet-0",
            "network_security_group_id": "",
            "resource_group_name": "azdevops-rg",
            "route_table_id": "",
            "service_endpoints": [],
            "virtual_network_name": "azdevops-vnet"
          },
          "private": "bnVsbA==",
          "depends_on": [
            "azurerm_resource_group.rg",
            "azurerm_virtual_network.vnet"
          ]
        }
      ]
    },
    {
      "mode": "managed",
      "type": "azurerm_virtual_machine",
      "name": "vm",
      "each": "list",
      "provider": "provider.azurerm",
      "instances": [
        {
          "index_key": 0,
          "schema_version": 0,
          "attributes": {
            "additional_capabilities": [],
            "availability_set_id": null,
            "boot_diagnostics": [
              {
                "enabled": true,
                "storage_uri": "https://azdevopssadiag.blob.core.windows.net/"
              }
            ],
            "delete_data_disks_on_termination": false,
            "delete_os_disk_on_termination": false,
            "id": "/subscriptions/1e3572b9-ed28-4477-932c-8931c4d7cb56/resourceGroups/azdevops-rg/providers/Microsoft.Compute/virtualMachines/azdevops-vm",
            "identity": [],
            "license_type": null,
            "location": "westeurope",
            "name": "azdevops-vm",
            "network_interface_ids": [
              "/subscriptions/1e3572b9-ed28-4477-932c-8931c4d7cb56/resourceGroups/azdevops-rg/providers/Microsoft.Network/networkInterfaces/azdevops-nic"
            ],
            "os_profile": [
              {
                "admin_password": "",
                "admin_username": "ansible",
                "computer_name": "dwp-azdevops",
                "custom_data": ""
              }
            ],
            "os_profile_linux_config": [
              {
                "disable_password_authentication": true,
                "ssh_keys": [
                  {
                    "key_data": "ssh-rsa AAAAB3NzaC1yc2EAAAADAQABAAABAQCpJOmroj4FULiIMKH3Mi2oMTmTd/Fkrt3Lsp1dUIrrt3kULn7kuL/P0hB569/P0lq9R+9cUrBt9LCRzakmZePbidHD+LJHVImUV1lIfu5/Lz0p7IfE8iGFhE6ob1b6cCX930DndcGD/qztALZVw3inCa/nnoxyM9v5LnFOrNXJPeVeY7GCcTHoyhEvOgezeh1FhRMyEM77buAeQSHURRO+xyPiLbegoscGegP02XRz84EJCfHBXbPBtvy1tPyf+NnmSc0OA0bkThvYzvUJuCsivhdIv+69FOjUcZ5M8Zbw6rmdxoN40ex7+BE0A2p9y7/cbpKVRsJreJ9R3WipPdop s.negoescu@CPX-AGAYHMYJY7R",
                    "path": "/home/ansible/.ssh/authorized_keys"
                  }
                ]
              }
            ],
            "os_profile_secrets": [],
            "os_profile_windows_config": [],
            "plan": [],
            "primary_network_interface_id": null,
            "proximity_placement_group_id": null,
            "resource_group_name": "azdevops-rg",
            "storage_data_disk": [],
            "storage_image_reference": [
              {
                "id": "",
                "offer": "UbuntuServer",
                "publisher": "Canonical",
                "sku": "18.04-LTS",
                "version": "latest"
              }
            ],
            "storage_os_disk": [
              {
                "caching": "ReadWrite",
                "create_option": "FromImage",
                "disk_size_gb": 1024,
                "image_uri": "",
                "managed_disk_id": "/subscriptions/1e3572b9-ed28-4477-932c-8931c4d7cb56/resourceGroups/azdevops-rg/providers/Microsoft.Compute/disks/azdevops_vm_datadisk",
                "managed_disk_type": "Standard_LRS",
                "name": "azdevops_vm_datadisk",
                "os_type": "Linux",
                "vhd_uri": "",
                "write_accelerator_enabled": false
              }
            ],
            "tags": {},
            "vm_size": "Standard_D2s_v3",
            "zones": []
          },
          "private": "bnVsbA==",
          "depends_on": [
            "azurerm_network_interface.nic",
            "azurerm_resource_group.rg",
            "azurerm_storage_account.sa"
          ]
        }
      ]
    },
    {
      "mode": "managed",
      "type": "azurerm_virtual_machine_extension",
      "name": "vm_cse",
      "each": "list",
      "provider": "provider.azurerm",
      "instances": [
        {
          "index_key": 0,
          "schema_version": 0,
          "attributes": {
            "auto_upgrade_minor_version": true,
            "id": "/subscriptions/1e3572b9-ed28-4477-932c-8931c4d7cb56/resourceGroups/azdevops-rg/providers/Microsoft.Compute/virtualMachines/azdevops-vm/extensions/install_ansible",
            "location": "westeurope",
            "name": "install_ansible",
            "protected_settings": null,
            "publisher": "Microsoft.Azure.Extensions",
            "resource_group_name": "azdevops-rg",
            "settings": "{\"commandToExecute\":\"sudo apt-get update -y \\u0026\\u0026 sudo apt-get upgrade -y \\u0026\\u0026 sudo apt-add-repository ppa:ansible/ansible \\u0026\\u0026 sudo apt-get update -y \\u0026\\u0026 sudo apt-get install ansible --yes \\u0026\\u0026 sudo ansible --version\"}",
            "tags": {},
            "type": "CustomScript",
            "type_handler_version": "2.1",
            "virtual_machine_name": "azdevops-vm"
          },
          "private": "bnVsbA==",
          "depends_on": [
            "azurerm_resource_group.rg",
            "azurerm_virtual_machine.vm"
          ]
        }
      ]
    },
    {
      "mode": "managed",
      "type": "azurerm_virtual_network",
      "name": "vnet",
      "provider": "provider.azurerm",
      "instances": [
        {
          "schema_version": 0,
          "attributes": {
            "address_space": [
              "10.0.0.0/16"
            ],
            "ddos_protection_plan": [],
            "dns_servers": [],
            "id": "/subscriptions/1e3572b9-ed28-4477-932c-8931c4d7cb56/resourceGroups/azdevops-rg/providers/Microsoft.Network/virtualNetworks/azdevops-vnet",
            "location": "westeurope",
            "name": "azdevops-vnet",
            "resource_group_name": "azdevops-rg",
            "subnet": [
              {
                "address_prefix": "10.0.0.0/24",
                "id": "/subscriptions/1e3572b9-ed28-4477-932c-8931c4d7cb56/resourceGroups/azdevops-rg/providers/Microsoft.Network/virtualNetworks/azdevops-vnet/subnets/azdevops-subnet-0",
                "name": "azdevops-subnet-0",
                "security_group": ""
              }
            ],
            "tags": {}
          },
          "private": "bnVsbA==",
          "depends_on": [
            "azurerm_resource_group.rg"
          ]
        }
      ]
    }
  ]
}
